
Microsoft Visual Studio Solution File, Format Version 12.00
# Visual Studio Version 16
VisualStudioVersion = 16.0.31624.102
MinimumVisualStudioVersion = 10.0.40219.1
Project("{9A19103F-16F7-4668-BE54-9A1E7A4F7556}") = "OCP Abstract", "OCP Abstract\OCP Abstract.csproj", "{51C30EEB-8F34-4379-A2F1-39936589DEAA}"
EndProject
Project("{FAE04EC0-301F-11D3-BF4B-00C04F79EFBC}") = "Example 2", "Example 2\Example 2.csproj", "{E9785B21-0F88-45A3-B207-B0827BACBD03}"
EndProject
Project("{FAE04EC0-301F-11D3-BF4B-00C04F79EFBC}") = "Example 3", "Example 3\Example 3.csproj", "{029E8648-CB08-4B4F-A067-4F4DC8B6EF0A}"
EndProject
Global
	GlobalSection(SolutionConfigurationPlatforms) = preSolution
		Debug|Any CPU = Debug|Any CPU
		Release|Any CPU = Release|Any CPU
	EndGlobalSection
	GlobalSection(ProjectConfigurationPlatforms) = postSolution
		{51C30EEB-8F34-4379-A2F1-39936589DEAA}.Debug|Any CPU.ActiveCfg = Debug|Any CPU
		{51C30EEB-8F34-4379-A2F1-39936589DEAA}.Debug|Any CPU.Build.0 = Debug|Any CPU
		{51C30EEB-8F34-4379-A2F1-39936589DEAA}.Release|Any CPU.ActiveCfg = Release|Any CPU
		{51C30EEB-8F34-4379-A2F1-39936589DEAA}.Release|Any CPU.Build.0 = Release|Any CPU
		{E9785B21-0F88-45A3-B207-B0827BACBD03}.Debug|Any CPU.ActiveCfg = Debug|Any CPU
		{E9785B21-0F88-45A3-B207-B0827BACBD03}.Debug|Any CPU.Build.0 = Debug|Any CPU
		{E9785B21-0F88-45A3-B207-B0827BACBD03}.Release|Any CPU.ActiveCfg = Release|Any CPU
		{E9785B21-0F88-45A3-B207-B0827BACBD03}.Release|Any CPU.Build.0 = Release|Any CPU
		{029E8648-CB08-4B4F-A067-4F4DC8B6EF0A}.Debug|Any CPU.ActiveCfg = Debug|Any CPU
		{029E8648-CB08-4B4F-A067-4F4DC8B6EF0A}.Debug|Any CPU.Build.0 = Debug|Any CPU
		{029E8648-CB08-4B4F-A067-4F4DC8B6EF0A}.Release|Any CPU.ActiveCfg = Release|Any CPU
		{029E8648-CB08-4B4F-A067-4F4DC8B6EF0A}.Release|Any CPU.Build.0 = Release|Any CPU
	EndGlobalSection
	GlobalSection(SolutionProperties) = preSolution
		HideSolutionNode = FALSE
	EndGlobalSection
	GlobalSection(ExtensibilityGlobals) = postSolution
		SolutionGuid = {9A5DA263-BA65-4650-8882-2AFEFB792E90}
	EndGlobalSection
EndGlobal
